
Microsoft Visual Studio Solution File, Format Version 12.00
# Visual Studio Version 16
VisualStudioVersion = 16.0.29519.87
MinimumVisualStudioVersion = 10.0.40219.1
Project("{FAE04EC0-301F-11D3-BF4B-00C04F79EFBC}") = "GeographyQuiz", "GeographyQuiz\GeographyQuiz.csproj", "{B574A78D-8BB9-40FD-ADB5-C0842FB70009}"
EndProject
Global
	GlobalSection(SolutionConfigurationPlatforms) = preSolution
		Debug|Any CPU = Debug|Any CPU
		Release|Any CPU = Release|Any CPU
	EndGlobalSection
	GlobalSection(ProjectConfigurationPlatforms) = postSolution
		{B574A78D-8BB9-40FD-ADB5-C0842FB70009}.Debug|Any CPU.ActiveCfg = Debug|Any CPU
		{B574A78D-8BB9-40FD-ADB5-C0842FB70009}.Debug|Any CPU.Build.0 = Debug|Any CPU
		{B574A78D-8BB9-40FD-ADB5-C0842FB70009}.Release|Any CPU.ActiveCfg = Release|Any CPU
		{B574A78D-8BB9-40FD-ADB5-C0842FB70009}.Release|Any CPU.Build.0 = Release|Any CPU
	EndGlobalSection
	GlobalSection(SolutionProperties) = preSolution
		HideSolutionNode = FALSE
	EndGlobalSection
	GlobalSection(ExtensibilityGlobals) = postSolution
		SolutionGuid = {CADEC2A8-05F4-4298-A296-84C37EF6F1F3}
	EndGlobalSection
EndGlobal
